
Microsoft Visual Studio Solution File, Format Version 12.00
# Visual Studio Version 16
VisualStudioVersion = 16.0.30011.22
MinimumVisualStudioVersion = 10.0.40219.1
Project("{9A19103F-16F7-4668-BE54-9A1E7A4F7556}") = "AutoMapperDemo", "AutoMapperDemo.csproj", "{5E7E3495-3E9E-4BE1-AE35-8D273CF706EB}"
EndProject
Project("{9A19103F-16F7-4668-BE54-9A1E7A4F7556}") = "Mapper.Models", "..\Models\Mapper.Models.csproj", "{4C064EC0-7604-4D0D-A919-A4BE0FCBE0E2}"
EndProject
Project("{9A19103F-16F7-4668-BE54-9A1E7A4F7556}") = "AutoMapperHelper", "..\AutoMapper\AutoMapperHelper.csproj", "{F4006BE1-A1F6-4793-BC48-D0A31610B39C}"
EndProject
Global
	GlobalSection(SolutionConfigurationPlatforms) = preSolution
		Debug|Any CPU = Debug|Any CPU
		Release|Any CPU = Release|Any CPU
	EndGlobalSection
	GlobalSection(ProjectConfigurationPlatforms) = postSolution
		{5E7E3495-3E9E-4BE1-AE35-8D273CF706EB}.Debug|Any CPU.ActiveCfg = Debug|Any CPU
		{5E7E3495-3E9E-4BE1-AE35-8D273CF706EB}.Debug|Any CPU.Build.0 = Debug|Any CPU
		{5E7E3495-3E9E-4BE1-AE35-8D273CF706EB}.Release|Any CPU.ActiveCfg = Release|Any CPU
		{5E7E3495-3E9E-4BE1-AE35-8D273CF706EB}.Release|Any CPU.Build.0 = Release|Any CPU
		{4C064EC0-7604-4D0D-A919-A4BE0FCBE0E2}.Debug|Any CPU.ActiveCfg = Debug|Any CPU
		{4C064EC0-7604-4D0D-A919-A4BE0FCBE0E2}.Debug|Any CPU.Build.0 = Debug|Any CPU
		{4C064EC0-7604-4D0D-A919-A4BE0FCBE0E2}.Release|Any CPU.ActiveCfg = Release|Any CPU
		{4C064EC0-7604-4D0D-A919-A4BE0FCBE0E2}.Release|Any CPU.Build.0 = Release|Any CPU
		{F4006BE1-A1F6-4793-BC48-D0A31610B39C}.Debug|Any CPU.ActiveCfg = Debug|Any CPU
		{F4006BE1-A1F6-4793-BC48-D0A31610B39C}.Debug|Any CPU.Build.0 = Debug|Any CPU
		{F4006BE1-A1F6-4793-BC48-D0A31610B39C}.Release|Any CPU.ActiveCfg = Release|Any CPU
		{F4006BE1-A1F6-4793-BC48-D0A31610B39C}.Release|Any CPU.Build.0 = Release|Any CPU
	EndGlobalSection
	GlobalSection(SolutionProperties) = preSolution
		HideSolutionNode = FALSE
	EndGlobalSection
	GlobalSection(ExtensibilityGlobals) = postSolution
		SolutionGuid = {3536F02D-D399-4076-966E-9CCB23F7B1CB}
	EndGlobalSection
EndGlobal
